
Microsoft Visual Studio Solution File, Format Version 12.00
# Visual Studio 15
VisualStudioVersion = 15.0.28307.1082
MinimumVisualStudioVersion = 10.0.40219.1
Project("{FAE04EC0-301F-11D3-BF4B-00C04F79EFBC}") = "form", "form\form.csproj", "{A3DB4F51-616B-4EC4-8DDA-91AF7C47BCFB}"
EndProject
Global
	GlobalSection(SolutionConfigurationPlatforms) = preSolution
		Debug|Any CPU = Debug|Any CPU
		Release|Any CPU = Release|Any CPU
	EndGlobalSection
	GlobalSection(ProjectConfigurationPlatforms) = postSolution
		{A3DB4F51-616B-4EC4-8DDA-91AF7C47BCFB}.Debug|Any CPU.ActiveCfg = Debug|Any CPU
		{A3DB4F51-616B-4EC4-8DDA-91AF7C47BCFB}.Debug|Any CPU.Build.0 = Debug|Any CPU
		{A3DB4F51-616B-4EC4-8DDA-91AF7C47BCFB}.Release|Any CPU.ActiveCfg = Release|Any CPU
		{A3DB4F51-616B-4EC4-8DDA-91AF7C47BCFB}.Release|Any CPU.Build.0 = Release|Any CPU
	EndGlobalSection
	GlobalSection(SolutionProperties) = preSolution
		HideSolutionNode = FALSE
	EndGlobalSection
	GlobalSection(ExtensibilityGlobals) = postSolution
		SolutionGuid = {D89F063F-1FFB-4411-AB16-DAB9A028ACA5}
	EndGlobalSection
EndGlobal
